
Microsoft Visual Studio Solution File, Format Version 12.00
# Visual Studio Version 17
VisualStudioVersion = 17.8.34330.188
MinimumVisualStudioVersion = 10.0.40219.1
Project("{9A19103F-16F7-4668-BE54-9A1E7A4F7556}") = "MediPlus", "MediPlus.csproj", "{6CEE4B27-FB31-49FD-940E-4B5D3A0479BB}"
EndProject
Global
	GlobalSection(SolutionConfigurationPlatforms) = preSolution
		Debug|Any CPU = Debug|Any CPU
		Release|Any CPU = Release|Any CPU
	EndGlobalSection
	GlobalSection(ProjectConfigurationPlatforms) = postSolution
		{6CEE4B27-FB31-49FD-940E-4B5D3A0479BB}.Debug|Any CPU.ActiveCfg = Debug|Any CPU
		{6CEE4B27-FB31-49FD-940E-4B5D3A0479BB}.Debug|Any CPU.Build.0 = Debug|Any CPU
		{6CEE4B27-FB31-49FD-940E-4B5D3A0479BB}.Release|Any CPU.ActiveCfg = Release|Any CPU
		{6CEE4B27-FB31-49FD-940E-4B5D3A0479BB}.Release|Any CPU.Build.0 = Release|Any CPU
	EndGlobalSection
	GlobalSection(SolutionProperties) = preSolution
		HideSolutionNode = FALSE
	EndGlobalSection
	GlobalSection(ExtensibilityGlobals) = postSolution
		SolutionGuid = {343376F5-B13A-4F2E-93D0-62B99B719B1E}
	EndGlobalSection
EndGlobal
